{
  "originHash" : "7512c99aa2b74a720fdc13587eccfe7764e11676fefd7df6c65c524efdebfded",
  "pins" : [
    {
      "identity" : "hapticease",
      "kind" : "remoteSourceControl",
      "location" : "https://github.com/emreeilhan/HapticEase.git",
      "state" : {
        "branch" : "main",
        "revision" : "cf211d93c70f5cbc67a081c4592f718f663eedfd"
      }
    },
    {
      "identity" : "splash",
      "kind" : "remoteSourceControl",
      "location" : "https://github.com/JohnSundell/Splash.git",
      "state" : {
        "revision" : "7f4df436eb78fe64fe2c32c58006e9949fa28ad8",
        "version" : "0.16.0"
      }
    }
  ],
  "version" : 3
}
